{
  "version": 4,
  "terraform_version": "1.12.2",
  "serial": 3,
  "lineage": "36953fac-fec3-67cf-8fde-e007334472c3",
  "outputs": {},
  "resources": [
    {
      "mode": "managed",
      "type": "github_repository",
      "name": "example",
      "provider": "provider[\"registry.terraform.io/hashicorp/github\"]",
      "instances": [
        {
          "schema_version": 1,
          "attributes": {
            "allow_auto_merge": false,
            "allow_merge_commit": true,
            "allow_rebase_merge": true,
            "allow_squash_merge": true,
            "allow_update_branch": false,
            "archive_on_destroy": null,
            "archived": false,
            "auto_init": true,
            "default_branch": "main",
            "delete_branch_on_merge": false,
            "description": "Frist_time_terraform",
            "etag": "W/\"7ac645d3ab6ee73b097409d19af8e01770f961593f32fbca86e4bcbe9ffe980d\"",
            "full_name": "jwrhw7tueydwtt7575g/teraform_automate_repo",
            "git_clone_url": "git://github.com/jwrhw7tueydwtt7575g/teraform_automate_repo.git",
            "gitignore_template": null,
            "has_discussions": false,
            "has_downloads": false,
            "has_issues": false,
            "has_projects": false,
            "has_wiki": false,
            "homepage_url": "",
            "html_url": "https://github.com/jwrhw7tueydwtt7575g/teraform_automate_repo",
            "http_clone_url": "https://github.com/jwrhw7tueydwtt7575g/teraform_automate_repo.git",
            "id": "teraform_automate_repo",
            "ignore_vulnerability_alerts_during_read": null,
            "is_template": false,
            "license_template": null,
            "merge_commit_message": "PR_TITLE",
            "merge_commit_title": "MERGE_MESSAGE",
            "name": "teraform_automate_repo",
            "node_id": "R_kgDOPR_O3Q",
            "pages": [],
            "primary_language": "",
            "private": false,
            "repo_id": 1025494749,
            "security_and_analysis": [
              {
                "advanced_security": [],
                "secret_scanning": [
                  {
                    "status": "enabled"
                  }
                ],
                "secret_scanning_push_protection": [
                  {
                    "status": "enabled"
                  }
                ]
              }
            ],
            "squash_merge_commit_message": "COMMIT_MESSAGES",
            "squash_merge_commit_title": "COMMIT_OR_PR_TITLE",
            "ssh_clone_url": "git@github.com:jwrhw7tueydwtt7575g/teraform_automate_repo.git",
            "svn_url": "https://github.com/jwrhw7tueydwtt7575g/teraform_automate_repo",
            "template": [],
            "topics": [],
            "visibility": "public",
            "vulnerability_alerts": false,
            "web_commit_signoff_required": false
          },
          "sensitive_attributes": [],
          "identity_schema_version": 0,
          "private": "eyJzY2hlbWFfdmVyc2lvbiI6IjEifQ=="
        }
      ]
    }
  ],
  "check_results": null
}
